<?xml version="1.0" encoding="utf-8"?>
<Project ToolsVersion="4.0" xmlns="http://schemas.microsoft.com/developer/msbuild/2003">
  <ItemGroup>
    <Filter Include="Source Files">
      <UniqueIdentifier>{4FC737F1-C7A5-4376-A066-2A32D752A2FF}</UniqueIdentifier>
      <Extensions>cpp;c;cc;cxx;c++;cppm;ixx;def;odl;idl;hpj;bat;asm;asmx</Extensions>
    </Filter>
    <Filter Include="Source Files\hash">
      <UniqueIdentifier>{b44e02c2-456b-4dc7-90d5-e4ae100b33e9}</UniqueIdentifier>
    </Filter>
  </ItemGroup>
  <ItemGroup>
    <ClCompile Include="data.c">
      <Filter>Source Files\hash</Filter>
    </ClCompile>
    <ClCompile Include="mock_filereader.c">
      <Filter>Source Files\hash</Filter>
    </ClCompile>
    <ClCompile Include="test.c">
      <Filter>Source Files\hash</Filter>
    </ClCompile>
    <ClCompile Include="test_rc_cdreader.c">
      <Filter>Source Files\hash</Filter>
    </ClCompile>
    <ClCompile Include="test_rc_hash.c">
      <Filter>Source Files\hash</Filter>
    </ClCompile>
    <ClCompile Include="test_rc_hash_disc.c">
      <Filter>Source Files\hash</Filter>
    </ClCompile>
    <ClCompile Include="test_rc_hash_rom.c">
      <Filter>Source Files\hash</Filter>
    </ClCompile>
    <ClCompile Include="test_rc_hash_zip.c">
      <Filter>Source Files\hash</Filter>
    </ClCompile>
  </ItemGroup>
  <ItemGroup>
    <ClInclude Include="data.h">
      <Filter>Source Files\hash</Filter>
    </ClInclude>
    <ClInclude Include="mock_filereader.h">
      <Filter>Source Files\hash</Filter>
    </ClInclude>
    <ClInclude Include="..\test_framework.h">
      <Filter>Source Files</Filter>
    </ClInclude>
  </ItemGroup>
</Project>