<?xml version="1.0" encoding="utf-8"?>
<Project ToolsVersion="4.0" xmlns="http://schemas.microsoft.com/developer/msbuild/2003">
  <ItemGroup>
    <Filter Include="src">
      <UniqueIdentifier>{125bb837-6e5b-4a66-a607-e2250b31f108}</UniqueIdentifier>
    </Filter>
    <Filter Include="src\rapi">
      <UniqueIdentifier>{8570c19e-e882-409f-84d8-b87887371c26}</UniqueIdentifier>
    </Filter>
    <Filter Include="src\util">
      <UniqueIdentifier>{a2dbf1cd-827e-4d50-be76-37ce8303e9fb}</UniqueIdentifier>
    </Filter>
    <Filter Include="src\runtime">
      <UniqueIdentifier>{DD82F9EB-1066-40C6-9568-D5C7EEB2A49B}</UniqueIdentifier>
    </Filter>
  </ItemGroup>
  <ItemGroup>
    <ClCompile Include="validator.c" />
    <ClCompile Include="..\src\util\md5.c">
      <Filter>src\util</Filter>
    </ClCompile>
    <ClCompile Include="..\src\util\rc_util.c">
      <Filter>src\util</Filter>
    </ClCompile>
    <ClCompile Include="..\src\api\rc_api_common.c">
      <Filter>src\rapi</Filter>
    </ClCompile>
    <ClCompile Include="..\src\api\rc_api_runtime.c">
      <Filter>src\rapi</Filter>
    </ClCompile>
    <ClCompile Include="..\src\runtime\rc_lboard.c">
      <Filter>src\runtime</Filter>
    </ClCompile>
    <ClCompile Include="..\src\runtime\rc_memref.c">
      <Filter>src\runtime</Filter>
    </ClCompile>
    <ClCompile Include="..\src\runtime\rc_operand.c">
      <Filter>src\runtime</Filter>
    </ClCompile>
    <ClCompile Include="..\src\runtime\rc_richpresence.c">
      <Filter>src\runtime</Filter>
    </ClCompile>
    <ClCompile Include="..\src\runtime\rc_runtime.c">
      <Filter>src\runtime</Filter>
    </ClCompile>
    <ClCompile Include="..\src\runtime\rc_runtime_progress.c">
      <Filter>src\runtime</Filter>
    </ClCompile>
    <ClCompile Include="..\src\runtime\rc_trigger.c">
      <Filter>src\runtime</Filter>
    </ClCompile>
    <ClCompile Include="..\src\runtime\rc_validate.c">
      <Filter>src\runtime</Filter>
    </ClCompile>
    <ClCompile Include="..\src\runtime\rc_value.c">
      <Filter>src\runtime</Filter>
    </ClCompile>
    <ClCompile Include="..\src\runtime\rc_alloc.c">
      <Filter>src\runtime</Filter>
    </ClCompile>
    <ClCompile Include="..\src\runtime\rc_condition.c">
      <Filter>src\runtime</Filter>
    </ClCompile>
    <ClCompile Include="..\src\runtime\rc_condset.c">
      <Filter>src\runtime</Filter>
    </ClCompile>
    <ClCompile Include="..\src\runtime\rc_consoleinfo.c">
      <Filter>src\runtime</Filter>
    </ClCompile>
    <ClCompile Include="..\src\runtime\rc_format.c">
      <Filter>src\runtime</Filter>
    </ClCompile>
  </ItemGroup>
  <ItemGroup>
    <Natvis Include="..\src\runtime\rc_runtime_types.natvis">
      <Filter>src\runtime</Filter>
    </Natvis>
  </ItemGroup>
  <ItemGroup>
    <ClInclude Include="..\src\runtime\rc_validate.h">
      <Filter>src\runtime</Filter>
    </ClInclude>
    <ClInclude Include="..\src\runtime\rc_internal.h">
      <Filter>src\runtime</Filter>
    </ClInclude>
  </ItemGroup>
</Project>