<?xml version="1.0" encoding="utf-8"?>
<Project ToolsVersion="4.0" xmlns="http://schemas.microsoft.com/developer/msbuild/2003">
  <ItemGroup>
    <Filter Include="Source Files">
      <UniqueIdentifier>{4FC737F1-C7A5-4376-A066-2A32D752A2FF}</UniqueIdentifier>
      <Extensions>cpp;c;cc;cxx;c++;cppm;ixx;def;odl;idl;hpj;bat;asm;asmx</Extensions>
    </Filter>
    <Filter Include="Source Files\hash">
      <UniqueIdentifier>{09502990-60af-4d32-8d1e-760baff354f3}</UniqueIdentifier>
    </Filter>
    <Filter Include="Source Files\util">
      <UniqueIdentifier>{fbf1ce91-bbb1-48b7-9c18-673a7b7ed418}</UniqueIdentifier>
    </Filter>
  </ItemGroup>
  <ItemGroup>
    <ClInclude Include="..\util\md5.h">
      <Filter>Source Files\util</Filter>
    </ClInclude>
    <ClInclude Include="..\util\rc_compat.h">
      <Filter>Source Files\util</Filter>
    </ClInclude>
    <ClInclude Include="..\util\rc_version.h">
      <Filter>Source Files\util</Filter>
    </ClInclude>
    <ClInclude Include="aes.h">
      <Filter>Source Files\hash</Filter>
    </ClInclude>
    <ClInclude Include="rc_hash_internal.h">
      <Filter>Source Files\hash</Filter>
    </ClInclude>
  </ItemGroup>
  <ItemGroup>
    <ClCompile Include="..\util\md5.c">
      <Filter>Source Files\util</Filter>
    </ClCompile>
    <ClCompile Include="..\util\rc_compat.c">
      <Filter>Source Files\util</Filter>
    </ClCompile>
    <ClCompile Include="..\util\rc_util.c">
      <Filter>Source Files\util</Filter>
    </ClCompile>
    <ClCompile Include="..\util\rc_version.c">
      <Filter>Source Files\util</Filter>
    </ClCompile>
    <ClCompile Include="aes.c">
      <Filter>Source Files\hash</Filter>
    </ClCompile>
    <ClCompile Include="rc_cdreader.c">
      <Filter>Source Files\hash</Filter>
    </ClCompile>
    <ClCompile Include="rc_hash.c">
      <Filter>Source Files\hash</Filter>
    </ClCompile>
    <ClCompile Include="rc_hash_disc.c">
      <Filter>Source Files\hash</Filter>
    </ClCompile>
    <ClCompile Include="rc_hash_encrypted.c">
      <Filter>Source Files\hash</Filter>
    </ClCompile>
    <ClCompile Include="rc_hash_rom.c">
      <Filter>Source Files\hash</Filter>
    </ClCompile>
    <ClCompile Include="rc_hash_zip.c">
      <Filter>Source Files\hash</Filter>
    </ClCompile>
  </ItemGroup>
</Project>